
Microsoft Visual Studio Solution File, Format Version 12.00
# Visual Studio Version 16
VisualStudioVersion = 16.0.31624.102
MinimumVisualStudioVersion = 10.0.40219.1
Project("{FAE04EC0-301F-11D3-BF4B-00C04F79EFBC}") = "oopWeek1Assignment1", "oopWeek1Assignment1\oopWeek1Assignment1.csproj", "{A529DDEC-EAED-4F48-9A07-21CDB0D7776C}"
EndProject
Global
	GlobalSection(SolutionConfigurationPlatforms) = preSolution
		Debug|Any CPU = Debug|Any CPU
		Release|Any CPU = Release|Any CPU
	EndGlobalSection
	GlobalSection(ProjectConfigurationPlatforms) = postSolution
		{A529DDEC-EAED-4F48-9A07-21CDB0D7776C}.Debug|Any CPU.ActiveCfg = Debug|Any CPU
		{A529DDEC-EAED-4F48-9A07-21CDB0D7776C}.Debug|Any CPU.Build.0 = Debug|Any CPU
		{A529DDEC-EAED-4F48-9A07-21CDB0D7776C}.Release|Any CPU.ActiveCfg = Release|Any CPU
		{A529DDEC-EAED-4F48-9A07-21CDB0D7776C}.Release|Any CPU.Build.0 = Release|Any CPU
	EndGlobalSection
	GlobalSection(SolutionProperties) = preSolution
		HideSolutionNode = FALSE
	EndGlobalSection
	GlobalSection(ExtensibilityGlobals) = postSolution
		SolutionGuid = {F26D0B87-6473-4170-8877-6AF7C6659F41}
	EndGlobalSection
EndGlobal
