
Microsoft Visual Studio Solution File, Format Version 12.00
# Visual Studio Version 16
VisualStudioVersion = 16.0.29728.190
MinimumVisualStudioVersion = 10.0.40219.1
Project("{FAE04EC0-301F-11D3-BF4B-00C04F79EFBC}") = "toggleColors", "toggleColors\toggleColors.csproj", "{75332CD8-E420-4669-A04B-0F005CA08837}"
EndProject
Global
	GlobalSection(SolutionConfigurationPlatforms) = preSolution
		Debug|Any CPU = Debug|Any CPU
		Release|Any CPU = Release|Any CPU
	EndGlobalSection
	GlobalSection(ProjectConfigurationPlatforms) = postSolution
		{75332CD8-E420-4669-A04B-0F005CA08837}.Debug|Any CPU.ActiveCfg = Debug|Any CPU
		{75332CD8-E420-4669-A04B-0F005CA08837}.Debug|Any CPU.Build.0 = Debug|Any CPU
		{75332CD8-E420-4669-A04B-0F005CA08837}.Release|Any CPU.ActiveCfg = Release|Any CPU
		{75332CD8-E420-4669-A04B-0F005CA08837}.Release|Any CPU.Build.0 = Release|Any CPU
	EndGlobalSection
	GlobalSection(SolutionProperties) = preSolution
		HideSolutionNode = FALSE
	EndGlobalSection
	GlobalSection(ExtensibilityGlobals) = postSolution
		SolutionGuid = {4F72C616-FB5C-467D-8D9F-5B2A0B3D6945}
	EndGlobalSection
EndGlobal
