
Microsoft Visual Studio Solution File, Format Version 12.00
# Visual Studio Version 16
VisualStudioVersion = 16.0.29728.190
MinimumVisualStudioVersion = 10.0.40219.1
Project("{FAE04EC0-301F-11D3-BF4B-00C04F79EFBC}") = "musicPlaylist", "musicPlaylist\musicPlaylist.csproj", "{B38B2DCC-92DC-4F24-AF25-4EBB6752169B}"
EndProject
Global
	GlobalSection(SolutionConfigurationPlatforms) = preSolution
		Debug|Any CPU = Debug|Any CPU
		Release|Any CPU = Release|Any CPU
	EndGlobalSection
	GlobalSection(ProjectConfigurationPlatforms) = postSolution
		{B38B2DCC-92DC-4F24-AF25-4EBB6752169B}.Debug|Any CPU.ActiveCfg = Debug|Any CPU
		{B38B2DCC-92DC-4F24-AF25-4EBB6752169B}.Debug|Any CPU.Build.0 = Debug|Any CPU
		{B38B2DCC-92DC-4F24-AF25-4EBB6752169B}.Release|Any CPU.ActiveCfg = Release|Any CPU
		{B38B2DCC-92DC-4F24-AF25-4EBB6752169B}.Release|Any CPU.Build.0 = Release|Any CPU
	EndGlobalSection
	GlobalSection(SolutionProperties) = preSolution
		HideSolutionNode = FALSE
	EndGlobalSection
	GlobalSection(ExtensibilityGlobals) = postSolution
		SolutionGuid = {B59723AF-327A-4D90-9588-7CDFF7586C29}
	EndGlobalSection
EndGlobal
