
Microsoft Visual Studio Solution File, Format Version 12.00
# Visual Studio Version 16
VisualStudioVersion = 16.0.31019.35
MinimumVisualStudioVersion = 10.0.40219.1
Project("{FAE04EC0-301F-11D3-BF4B-00C04F79EFBC}") = "Week5Assignment", "Week5Assignment\Week5Assignment.csproj", "{9E7C0417-6BF8-4EF0-8E8E-62C09ED21A52}"
EndProject
Global
	GlobalSection(SolutionConfigurationPlatforms) = preSolution
		Debug|Any CPU = Debug|Any CPU
		Release|Any CPU = Release|Any CPU
	EndGlobalSection
	GlobalSection(ProjectConfigurationPlatforms) = postSolution
		{9E7C0417-6BF8-4EF0-8E8E-62C09ED21A52}.Debug|Any CPU.ActiveCfg = Debug|Any CPU
		{9E7C0417-6BF8-4EF0-8E8E-62C09ED21A52}.Debug|Any CPU.Build.0 = Debug|Any CPU
		{9E7C0417-6BF8-4EF0-8E8E-62C09ED21A52}.Release|Any CPU.ActiveCfg = Release|Any CPU
		{9E7C0417-6BF8-4EF0-8E8E-62C09ED21A52}.Release|Any CPU.Build.0 = Release|Any CPU
	EndGlobalSection
	GlobalSection(SolutionProperties) = preSolution
		HideSolutionNode = FALSE
	EndGlobalSection
	GlobalSection(ExtensibilityGlobals) = postSolution
		SolutionGuid = {55E87F35-C705-40E7-BCC9-4645BBB17989}
	EndGlobalSection
EndGlobal
