
Microsoft Visual Studio Solution File, Format Version 12.00
# Visual Studio Version 16
VisualStudioVersion = 16.0.31624.102
MinimumVisualStudioVersion = 10.0.40219.1
Project("{FAE04EC0-301F-11D3-BF4B-00C04F79EFBC}") = "oodWeek2Exercise1", "oodWeek2Exercise1\oodWeek2Exercise1.csproj", "{6A5AFEB4-FEC3-4F89-86D9-7358FEE5491C}"
EndProject
Global
	GlobalSection(SolutionConfigurationPlatforms) = preSolution
		Debug|Any CPU = Debug|Any CPU
		Release|Any CPU = Release|Any CPU
	EndGlobalSection
	GlobalSection(ProjectConfigurationPlatforms) = postSolution
		{6A5AFEB4-FEC3-4F89-86D9-7358FEE5491C}.Debug|Any CPU.ActiveCfg = Debug|Any CPU
		{6A5AFEB4-FEC3-4F89-86D9-7358FEE5491C}.Debug|Any CPU.Build.0 = Debug|Any CPU
		{6A5AFEB4-FEC3-4F89-86D9-7358FEE5491C}.Release|Any CPU.ActiveCfg = Release|Any CPU
		{6A5AFEB4-FEC3-4F89-86D9-7358FEE5491C}.Release|Any CPU.Build.0 = Release|Any CPU
	EndGlobalSection
	GlobalSection(SolutionProperties) = preSolution
		HideSolutionNode = FALSE
	EndGlobalSection
	GlobalSection(ExtensibilityGlobals) = postSolution
		SolutionGuid = {7BE4CAFB-8397-4779-88AD-9CE01EE2D6E7}
	EndGlobalSection
EndGlobal
