
Microsoft Visual Studio Solution File, Format Version 12.00
# Visual Studio 14
VisualStudioVersion = 14.0.25420.1
MinimumVisualStudioVersion = 10.0.40219.1
Project("{E24C65DC-7377-472B-9ABA-BC803B73C61A}") = "ToetsJaar2Opdracht3", "..\..\WebSites\ToetsJaar2Opdracht3\", "{FBCE593C-4D76-4F21-8941-05A4ED7F3A42}"
	ProjectSection(WebsiteProperties) = preProject
		TargetFrameworkMoniker = ".NETFramework,Version%3Dv4.5.2"
		Debug.AspNetCompiler.VirtualPath = "/localhost_58338"
		Debug.AspNetCompiler.PhysicalPath = "..\..\WebSites\ToetsJaar2Opdracht3\"
		Debug.AspNetCompiler.TargetPath = "PrecompiledWeb\localhost_58338\"
		Debug.AspNetCompiler.Updateable = "true"
		Debug.AspNetCompiler.ForceOverwrite = "true"
		Debug.AspNetCompiler.FixedNames = "false"
		Debug.AspNetCompiler.Debug = "True"
		Release.AspNetCompiler.VirtualPath = "/localhost_58338"
		Release.AspNetCompiler.PhysicalPath = "..\..\WebSites\ToetsJaar2Opdracht3\"
		Release.AspNetCompiler.TargetPath = "PrecompiledWeb\localhost_58338\"
		Release.AspNetCompiler.Updateable = "true"
		Release.AspNetCompiler.ForceOverwrite = "true"
		Release.AspNetCompiler.FixedNames = "false"
		Release.AspNetCompiler.Debug = "False"
		VWDPort = "58338"
		SlnRelativePath = "..\..\WebSites\ToetsJaar2Opdracht3\"
		DefaultWebSiteLanguage = "Visual C#"
	EndProjectSection
EndProject
Global
	GlobalSection(SolutionConfigurationPlatforms) = preSolution
		Debug|Any CPU = Debug|Any CPU
	EndGlobalSection
	GlobalSection(ProjectConfigurationPlatforms) = postSolution
		{FBCE593C-4D76-4F21-8941-05A4ED7F3A42}.Debug|Any CPU.ActiveCfg = Debug|Any CPU
		{FBCE593C-4D76-4F21-8941-05A4ED7F3A42}.Debug|Any CPU.Build.0 = Debug|Any CPU
	EndGlobalSection
	GlobalSection(SolutionProperties) = preSolution
		HideSolutionNode = FALSE
	EndGlobalSection
EndGlobal
