
Microsoft Visual Studio Solution File, Format Version 12.00
# Visual Studio Version 16
VisualStudioVersion = 16.0.30104.148
MinimumVisualStudioVersion = 10.0.40219.1
Project("{FAE04EC0-301F-11D3-BF4B-00C04F79EFBC}") = "DemoStreetApp", "DemoStreetApp\DemoStreetApp.csproj", "{A47CC81E-EC10-4164-9961-DC2B93B6386D}"
EndProject
Global
	GlobalSection(SolutionConfigurationPlatforms) = preSolution
		Debug|Any CPU = Debug|Any CPU
		Release|Any CPU = Release|Any CPU
	EndGlobalSection
	GlobalSection(ProjectConfigurationPlatforms) = postSolution
		{A47CC81E-EC10-4164-9961-DC2B93B6386D}.Debug|Any CPU.ActiveCfg = Debug|Any CPU
		{A47CC81E-EC10-4164-9961-DC2B93B6386D}.Debug|Any CPU.Build.0 = Debug|Any CPU
		{A47CC81E-EC10-4164-9961-DC2B93B6386D}.Release|Any CPU.ActiveCfg = Release|Any CPU
		{A47CC81E-EC10-4164-9961-DC2B93B6386D}.Release|Any CPU.Build.0 = Release|Any CPU
	EndGlobalSection
	GlobalSection(SolutionProperties) = preSolution
		HideSolutionNode = FALSE
	EndGlobalSection
	GlobalSection(ExtensibilityGlobals) = postSolution
		SolutionGuid = {56035809-6BF2-4CBE-9605-5CC3928EAC8E}
	EndGlobalSection
EndGlobal
