
Microsoft Visual Studio Solution File, Format Version 12.00
# Visual Studio Version 16
VisualStudioVersion = 16.0.31019.35
MinimumVisualStudioVersion = 10.0.40219.1
Project("{FAE04EC0-301F-11D3-BF4B-00C04F79EFBC}") = "gridviewSecondForm", "gridviewSecondForm\gridviewSecondForm.csproj", "{BDB45E38-095A-4585-A081-FB0F67D8A1B8}"
EndProject
Global
	GlobalSection(SolutionConfigurationPlatforms) = preSolution
		Debug|Any CPU = Debug|Any CPU
		Release|Any CPU = Release|Any CPU
	EndGlobalSection
	GlobalSection(ProjectConfigurationPlatforms) = postSolution
		{BDB45E38-095A-4585-A081-FB0F67D8A1B8}.Debug|Any CPU.ActiveCfg = Debug|Any CPU
		{BDB45E38-095A-4585-A081-FB0F67D8A1B8}.Debug|Any CPU.Build.0 = Debug|Any CPU
		{BDB45E38-095A-4585-A081-FB0F67D8A1B8}.Release|Any CPU.ActiveCfg = Release|Any CPU
		{BDB45E38-095A-4585-A081-FB0F67D8A1B8}.Release|Any CPU.Build.0 = Release|Any CPU
	EndGlobalSection
	GlobalSection(SolutionProperties) = preSolution
		HideSolutionNode = FALSE
	EndGlobalSection
	GlobalSection(ExtensibilityGlobals) = postSolution
		SolutionGuid = {8C00B359-71E0-4FB5-8D3D-710D2FB98BDE}
	EndGlobalSection
EndGlobal
