
Microsoft Visual Studio Solution File, Format Version 12.00
# Visual Studio 14
VisualStudioVersion = 14.0.25420.1
MinimumVisualStudioVersion = 10.0.40219.1
Project("{E24C65DC-7377-472B-9ABA-BC803B73C61A}") = "OefenenToets", "..\..\WebSites\OefenenToets\", "{BB76669B-AE52-491B-91F8-770A54343733}"
	ProjectSection(WebsiteProperties) = preProject
		TargetFrameworkMoniker = ".NETFramework,Version%3Dv4.5.2"
		Debug.AspNetCompiler.VirtualPath = "/localhost_59697"
		Debug.AspNetCompiler.PhysicalPath = "..\..\WebSites\OefenenToets\"
		Debug.AspNetCompiler.TargetPath = "PrecompiledWeb\localhost_59697\"
		Debug.AspNetCompiler.Updateable = "true"
		Debug.AspNetCompiler.ForceOverwrite = "true"
		Debug.AspNetCompiler.FixedNames = "false"
		Debug.AspNetCompiler.Debug = "True"
		Release.AspNetCompiler.VirtualPath = "/localhost_59697"
		Release.AspNetCompiler.PhysicalPath = "..\..\WebSites\OefenenToets\"
		Release.AspNetCompiler.TargetPath = "PrecompiledWeb\localhost_59697\"
		Release.AspNetCompiler.Updateable = "true"
		Release.AspNetCompiler.ForceOverwrite = "true"
		Release.AspNetCompiler.FixedNames = "false"
		Release.AspNetCompiler.Debug = "False"
		VWDPort = "59697"
		DefaultWebSiteLanguage = "Visual C#"
	EndProjectSection
EndProject
Global
	GlobalSection(SolutionConfigurationPlatforms) = preSolution
		Debug|Any CPU = Debug|Any CPU
	EndGlobalSection
	GlobalSection(ProjectConfigurationPlatforms) = postSolution
		{BB76669B-AE52-491B-91F8-770A54343733}.Debug|Any CPU.ActiveCfg = Debug|Any CPU
		{BB76669B-AE52-491B-91F8-770A54343733}.Debug|Any CPU.Build.0 = Debug|Any CPU
	EndGlobalSection
	GlobalSection(SolutionProperties) = preSolution
		HideSolutionNode = FALSE
	EndGlobalSection
EndGlobal
