
Microsoft Visual Studio Solution File, Format Version 12.00
# Visual Studio Version 16
VisualStudioVersion = 16.0.29728.190
MinimumVisualStudioVersion = 10.0.40219.1
Project("{FAE04EC0-301F-11D3-BF4B-00C04F79EFBC}") = "ArduinoAlarm", "ArduinoAlarm\ArduinoAlarm.csproj", "{2FDB588A-6CE4-4162-8CF3-9917E2549750}"
EndProject
Global
	GlobalSection(SolutionConfigurationPlatforms) = preSolution
		Debug|Any CPU = Debug|Any CPU
		Release|Any CPU = Release|Any CPU
	EndGlobalSection
	GlobalSection(ProjectConfigurationPlatforms) = postSolution
		{2FDB588A-6CE4-4162-8CF3-9917E2549750}.Debug|Any CPU.ActiveCfg = Debug|Any CPU
		{2FDB588A-6CE4-4162-8CF3-9917E2549750}.Debug|Any CPU.Build.0 = Debug|Any CPU
		{2FDB588A-6CE4-4162-8CF3-9917E2549750}.Release|Any CPU.ActiveCfg = Release|Any CPU
		{2FDB588A-6CE4-4162-8CF3-9917E2549750}.Release|Any CPU.Build.0 = Release|Any CPU
	EndGlobalSection
	GlobalSection(SolutionProperties) = preSolution
		HideSolutionNode = FALSE
	EndGlobalSection
	GlobalSection(ExtensibilityGlobals) = postSolution
		SolutionGuid = {C269A803-A82C-4611-BDE1-E0ECC3F079AB}
	EndGlobalSection
EndGlobal
