
Microsoft Visual Studio Solution File, Format Version 12.00
# Visual Studio Version 16
VisualStudioVersion = 16.0.31019.35
MinimumVisualStudioVersion = 10.0.40219.1
Project("{FAE04EC0-301F-11D3-BF4B-00C04F79EFBC}") = "MyMediaBazaar", "MyMediaBazaar\MyMediaBazaar.csproj", "{620D5099-F2AF-4CC8-8E6B-18525F3CDE38}"
EndProject
Project("{FAE04EC0-301F-11D3-BF4B-00C04F79EFBC}") = "MyMediaBazaarUnitTests", "MyMediaBazaarUnitTests\MyMediaBazaarUnitTests.csproj", "{3B9747ED-03F4-40D4-AA5A-0DF84A743930}"
	ProjectSection(ProjectDependencies) = postProject
		{620D5099-F2AF-4CC8-8E6B-18525F3CDE38} = {620D5099-F2AF-4CC8-8E6B-18525F3CDE38}
	EndProjectSection
EndProject
Global
	GlobalSection(SolutionConfigurationPlatforms) = preSolution
		Debug|Any CPU = Debug|Any CPU
		Release|Any CPU = Release|Any CPU
	EndGlobalSection
	GlobalSection(ProjectConfigurationPlatforms) = postSolution
		{620D5099-F2AF-4CC8-8E6B-18525F3CDE38}.Debug|Any CPU.ActiveCfg = Debug|Any CPU
		{620D5099-F2AF-4CC8-8E6B-18525F3CDE38}.Debug|Any CPU.Build.0 = Debug|Any CPU
		{620D5099-F2AF-4CC8-8E6B-18525F3CDE38}.Release|Any CPU.ActiveCfg = Release|Any CPU
		{620D5099-F2AF-4CC8-8E6B-18525F3CDE38}.Release|Any CPU.Build.0 = Release|Any CPU
		{3B9747ED-03F4-40D4-AA5A-0DF84A743930}.Debug|Any CPU.ActiveCfg = Debug|Any CPU
		{3B9747ED-03F4-40D4-AA5A-0DF84A743930}.Debug|Any CPU.Build.0 = Debug|Any CPU
		{3B9747ED-03F4-40D4-AA5A-0DF84A743930}.Release|Any CPU.ActiveCfg = Release|Any CPU
		{3B9747ED-03F4-40D4-AA5A-0DF84A743930}.Release|Any CPU.Build.0 = Release|Any CPU
	EndGlobalSection
	GlobalSection(SolutionProperties) = preSolution
		HideSolutionNode = FALSE
	EndGlobalSection
	GlobalSection(ExtensibilityGlobals) = postSolution
		SolutionGuid = {E2E17C26-E995-4A32-8275-2E09BC5E0C50}
	EndGlobalSection
EndGlobal
