
Microsoft Visual Studio Solution File, Format Version 12.00
# Visual Studio Version 16
VisualStudioVersion = 16.0.30621.155
MinimumVisualStudioVersion = 10.0.40219.1
Project("{FAE04EC0-301F-11D3-BF4B-00C04F79EFBC}") = "refOutDemo", "refOutDemo\refOutDemo.csproj", "{655DF2D5-BD12-4250-90D0-215B630E95ED}"
EndProject
Project("{FAE04EC0-301F-11D3-BF4B-00C04F79EFBC}") = "UnitTestProject1", "UnitTestProject1\UnitTestProject1.csproj", "{A1C0B8D8-C557-4768-A310-98C0E6ED2AB5}"
EndProject
Global
	GlobalSection(SolutionConfigurationPlatforms) = preSolution
		Debug|Any CPU = Debug|Any CPU
		Release|Any CPU = Release|Any CPU
	EndGlobalSection
	GlobalSection(ProjectConfigurationPlatforms) = postSolution
		{655DF2D5-BD12-4250-90D0-215B630E95ED}.Debug|Any CPU.ActiveCfg = Debug|Any CPU
		{655DF2D5-BD12-4250-90D0-215B630E95ED}.Debug|Any CPU.Build.0 = Debug|Any CPU
		{655DF2D5-BD12-4250-90D0-215B630E95ED}.Release|Any CPU.ActiveCfg = Release|Any CPU
		{655DF2D5-BD12-4250-90D0-215B630E95ED}.Release|Any CPU.Build.0 = Release|Any CPU
		{A1C0B8D8-C557-4768-A310-98C0E6ED2AB5}.Debug|Any CPU.ActiveCfg = Debug|Any CPU
		{A1C0B8D8-C557-4768-A310-98C0E6ED2AB5}.Debug|Any CPU.Build.0 = Debug|Any CPU
		{A1C0B8D8-C557-4768-A310-98C0E6ED2AB5}.Release|Any CPU.ActiveCfg = Release|Any CPU
		{A1C0B8D8-C557-4768-A310-98C0E6ED2AB5}.Release|Any CPU.Build.0 = Release|Any CPU
	EndGlobalSection
	GlobalSection(SolutionProperties) = preSolution
		HideSolutionNode = FALSE
	EndGlobalSection
	GlobalSection(ExtensibilityGlobals) = postSolution
		SolutionGuid = {73440BE8-4ECA-4D54-A7C3-9C8784415D74}
	EndGlobalSection
EndGlobal
