
Microsoft Visual Studio Solution File, Format Version 12.00
# Visual Studio Version 16
VisualStudioVersion = 16.0.29728.190
MinimumVisualStudioVersion = 10.0.40219.1
Project("{FAE04EC0-301F-11D3-BF4B-00C04F79EFBC}") = "carSystem", "carSystem\carSystem.csproj", "{EB2218E9-6157-4086-8B0E-75127992E74B}"
EndProject
Global
	GlobalSection(SolutionConfigurationPlatforms) = preSolution
		Debug|Any CPU = Debug|Any CPU
		Release|Any CPU = Release|Any CPU
	EndGlobalSection
	GlobalSection(ProjectConfigurationPlatforms) = postSolution
		{EB2218E9-6157-4086-8B0E-75127992E74B}.Debug|Any CPU.ActiveCfg = Debug|Any CPU
		{EB2218E9-6157-4086-8B0E-75127992E74B}.Debug|Any CPU.Build.0 = Debug|Any CPU
		{EB2218E9-6157-4086-8B0E-75127992E74B}.Release|Any CPU.ActiveCfg = Release|Any CPU
		{EB2218E9-6157-4086-8B0E-75127992E74B}.Release|Any CPU.Build.0 = Release|Any CPU
	EndGlobalSection
	GlobalSection(SolutionProperties) = preSolution
		HideSolutionNode = FALSE
	EndGlobalSection
	GlobalSection(ExtensibilityGlobals) = postSolution
		SolutionGuid = {ACAFABA5-AA8C-463D-8DBF-C1116D986AAD}
	EndGlobalSection
EndGlobal
